// !$*UTF8*$!
{
	archiveVersion = 1;
	classes = {
	};
	objectVersion = 48;
	objects = {

/* Begin PBXBuildFile section */
		F499D5D41F8FB41D00DDC74E /* AppDelegate.swift in Sources */ = {isa = PBXBuildFile; fileRef = F499D5D31F8FB41D00DDC74E /* AppDelegate.swift */; };
		F499D5D61F8FB41D00DDC74E /* ViewController.swift in Sources */ = {isa = PBXBuildFile; fileRef = F499D5D51F8FB41D00DDC74E /* ViewController.swift */; };
		F499D5D91F8FB41D00DDC74E /* Main.storyboard in Resources */ = {isa = PBXBuildFile; fileRef = F499D5D71F8FB41D00DDC74E /* Main.storyboard */; };
		F499D5DB1F8FB41D00DDC74E /* Assets.xcassets in Resources */ = {isa = PBXBuildFile; fileRef = F499D5DA1F8FB41D00DDC74E /* Assets.xcassets */; };
		F499D5DE1F8FB41D00DDC74E /* LaunchScreen.storyboard in Resources */ = {isa = PBXBuildFile; fileRef = F499D5DC1F8FB41D00DDC74E /* LaunchScreen.storyboard */; };
/* End PBXBuildFile section */

/* Begin PBXFileReference section */
		F499D5D01F8FB41D00DDC74E /* IsiteCodeStroke.app */ = {isa = PBXFileReference; explicitFileType = wrapper.application; includeInIndex = 0; path = IsiteCodeStroke.app; sourceTree = BUILT_PRODUCTS_DIR; };
		F499D5D31F8FB41D00DDC74E /* AppDelegate.swift */ = {isa = PBXFileReference; lastKnownFileType = sourcecode.swift; path = AppDelegate.swift; sourceTree = "<group>"; };
		F499D5D51F8FB41D00DDC74E /* ViewController.swift */ = {isa = PBXFileReference; lastKnownFileType = sourcecode.swift; path = ViewController.swift; sourceTree = "<group>"; };
		F499D5D81F8FB41D00DDC74E /* Base */ = {isa = PBXFileReference; lastKnownFileType = file.storyboard; name = Base; path = Base.lproj/Main.storyboard; sourceTree = "<group>"; };
		F499D5DA1F8FB41D00DDC74E /* Assets.xcassets */ = {isa = PBXFileReference; lastKnownFileType = folder.assetcatalog; path = Assets.xcassets; sourceTree = "<group>"; };
		F499D5DD1F8FB41D00DDC74E /* Base */ = {isa = PBXFileReference; lastKnownFileType = file.storyboard; name = Base; path = Base.lproj/LaunchScreen.storyboard; sourceTree = "<group>"; };
		F499D5DF1F8FB41D00DDC74E /* Info.plist */ = {isa = PBXFileReference; lastKnownFileType = text.plist.xml; path = Info.plist; sourceTree = "<group>"; };
/* End PBXFileReference section */

/* Begin PBXFrameworksBuildPhase section */
		F499D5CD1F8FB41D00DDC74E /* Frameworks */ = {
			isa = PBXFrameworksBuildPhase;
			buildActionMask = 2147483647;
			files = (
			);
			runOnlyForDeploymentPostprocessing = 0;
		};
/* End PBXFrameworksBuildPhase section */

/* Begin PBXGroup section */
		F499D5C71F8FB41D00DDC74E = {
			isa = PBXGroup;
			children = (
				F499D5D21F8FB41D00DDC74E /* IsiteCodeStroke */,
				F499D5D11F8FB41D00DDC74E /* Products */,
			);
			sourceTree = "<group>";
		};
		F499D5D11F8FB41D00DDC74E /* Products */ = {
			isa = PBXGroup;
			children = (
				F499D5D01F8FB41D00DDC74E /* IsiteCodeStroke.app */,
			);
			name = Products;
			sourceTree = "<group>";
		};
		F499D5D21F8FB41D00DDC74E /* IsiteCodeStroke */ = {
			isa = PBXGroup;
			children = (
				F499D5D31F8FB41D00DDC74E /* AppDelegate.swift */,
				F499D5D51F8FB41D00DDC74E /* ViewController.swift */,
				F499D5D71F8FB41D00DDC74E /* Main.storyboard */,
				F499D5DA1F8FB41D00DDC74E /* Assets.xcassets */,
				F499D5DC1F8FB41D00DDC74E /* LaunchScreen.storyboard */,
				F499D5DF1F8FB41D00DDC74E /* Info.plist */,
			);
			path = IsiteCodeStroke;
			sourceTree = "<group>";
		};
/* End PBXGroup section */

/* Begin PBXNativeTarget section */
		F499D5CF1F8FB41D00DDC74E /* IsiteCodeStroke */ = {
			isa = PBXNativeTarget;
			buildConfigurationList = F499D5E21F8FB41D00DDC74E /* Build configuration list for PBXNativeTarget "IsiteCodeStroke" */;
			buildPhases = (
				F499D5CC1F8FB41D00DDC74E /* Sources */,
				F499D5CD1F8FB41D00DDC74E /* Frameworks */,
				F499D5CE1F8FB41D00DDC74E /* Resources */,
			);
			buildRules = (
			);
			dependencies = (
			);
			name = IsiteCodeStroke;
			productName = IsiteCodeStroke;
			productReference = F499D5D01F8FB41D00DDC74E /* IsiteCodeStroke.app */;
			productType = "com.apple.product-type.application";
		};
/* End PBXNativeTarget section */

/* Begin PBXProject section */
		F499D5C81F8FB41D00DDC74E /* Project object */ = {
			isa = PBXProject;
			attributes = {
				LastSwiftUpdateCheck = 0900;
				LastUpgradeCheck = 0900;
				ORGANIZATIONNAME = "soma gorinta";
				TargetAttributes = {
					F499D5CF1F8FB41D00DDC74E = {
						CreatedOnToolsVersion = 9.0;
						ProvisioningStyle = Automatic;
					};
				};
			};
			buildConfigurationList = F499D5CB1F8FB41D00DDC74E /* Build configuration list for PBXProject "IsiteCodeStroke" */;
			compatibilityVersion = "Xcode 8.0";
			developmentRegion = en;
			hasScannedForEncodings = 0;
			knownRegions = (
				en,
				Base,
			);
			mainGroup = F499D5C71F8FB41D00DDC74E;
			productRefGroup = F499D5D11F8FB41D00DDC74E /* Products */;
			projectDirPath = "";
			projectRoot = "";
			targets = (
				F499D5CF1F8FB41D00DDC74E /* IsiteCodeStroke */,
			);
		};
/* End PBXProject section */

/* Begin PBXResourcesBuildPhase section */
		F499D5CE1F8FB41D00DDC74E /* Resources */ = {
			isa = PBXResourcesBuildPhase;
			buildActionMask = 2147483647;
			files = (
				F499D5DE1F8FB41D00DDC74E /* LaunchScreen.storyboard in Resources */,
				F499D5DB1F8FB41D00DDC74E /* Assets.xcassets in Resources */,
				F499D5D91F8FB41D00DDC74E /* Main.storyboard in Resources */,
			);
			runOnlyForDeploymentPostprocessing = 0;
		};
/* End PBXResourcesBuildPhase section */

/* Begin PBXSourcesBuildPhase section */
		F499D5CC1F8FB41D00DDC74E /* Sources */ = {
			isa = PBXSourcesBuildPhase;
			buildActionMask = 2147483647;
			files = (
				F499D5D61F8FB41D00DDC74E /* ViewController.swift in Sources */,
				F499D5D41F8FB41D00DDC74E /* AppDelegate.swift in Sources */,
			);
			runOnlyForDeploymentPostprocessing = 0;
		};
/* End PBXSourcesBuildPhase section */

/* Begin PBXVariantGroup section */
		F499D5D71F8FB41D00DDC74E /* Main.storyboard */ = {
			isa = PBXVariantGroup;
			children = (
				F499D5D81F8FB41D00DDC74E /* Base */,
			);
			name = Main.storyboard;
			sourceTree = "<group>";
		};
		F499D5DC1F8FB41D00DDC74E /* LaunchScreen.storyboard */ = {
			isa = PBXVariantGroup;
			children = (
				F499D5DD1F8FB41D00DDC74E /* Base */,
			);
			name = LaunchScreen.storyboard;
			sourceTree = "<group>";
		};
/* End PBXVariantGroup section */

/* Begin XCBuildConfiguration section */
		F499D5E01F8FB41D00DDC74E /* Debug */ = {
			isa = XCBuildConfiguration;
			buildSettings = {
				ALWAYS_SEARCH_USER_PATHS = NO;
				CLANG_ANALYZER_NONNULL = YES;
				CLANG_ANALYZER_NUMBER_OBJECT_CONVERSION = YES_AGGRESSIVE;
				CLANG_CXX_LANGUAGE_STANDARD = "gnu++14";
				CLANG_CXX_LIBRARY = "libc++";
				CLANG_ENABLE_MODULES = YES;
				CLANG_ENABLE_OBJC_ARC = YES;
				CLANG_WARN_BLOCK_CAPTURE_AUTORELEASING = YES;
				CLANG_WARN_BOOL_CONVERSION = YES;
				CLANG_WARN_COMMA = YES;
				CLANG_WARN_CONSTANT_CONVERSION = YES;
				CLANG_WARN_DIRECT_OBJC_ISA_USAGE = YES_ERROR;
				CLANG_WARN_DOCUMENTATION_COMMENTS = YES;
				CLANG_WARN_EMPTY_BODY = YES;
				CLANG_WARN_ENUM_CONVERSION = YES;
				CLANG_WARN_INFINITE_RECURSION = YES;
				CLANG_WARN_INT_CONVERSION = YES;
				CLANG_WARN_NON_LITERAL_NULL_CONVERSION = YES;
				CLANG_WARN_OBJC_LITERAL_CONVERSION = YES;
				CLANG_WARN_OBJC_ROOT_CLASS = YES_ERROR;
				CLANG_WARN_RANGE_LOOP_ANALYSIS = YES;
				CLANG_WARN_STRICT_PROTOTYPES = YES;
				CLANG_WARN_SUSPICIOUS_MOVE = YES;
				CLANG_WARN_UNGUARDED_AVAILABILITY = YES_AGGRESSIVE;
				CLANG_WARN_UNREACHABLE_CODE = YES;
				CLANG_WARN__DUPLICATE_METHOD_MATCH = YES;
				CODE_SIGN_IDENTITY = "iPhone Developer";
				COPY_PHASE_STRIP = NO;
				DEBUG_INFORMATION_FORMAT = dwarf;
				ENABLE_STRICT_OBJC_MSGSEND = YES;
				ENABLE_TESTABILITY = YES;
				GCC_C_LANGUAGE_STANDARD = gnu11;
				GCC_DYNAMIC_NO_PIC = NO;
				GCC_NO_COMMON_BLOCKS = YES;
				GCC_OPTIMIZATION_LEVEL = 0;
				GCC_PREPROCESSOR_DEFINITIONS = (
					"DEBUG=1",
					"$(inherited)",
				);
				GCC_WARN_64_TO_32_BIT_CONVERSION = YES;
				GCC_WARN_ABOUT_RETURN_TYPE = YES_ERROR;
				GCC_WARN_UNDECLARED_SELECTOR = YES;
				GCC_WARN_UNINITIALIZED_AUTOS = YES_AGGRESSIVE;
				GCC_WARN_UNUSED_FUNCTION = YES;
				GCC_WARN_UNUSED_VARIABLE = YES;
				IPHONEOS_DEPLOYMENT_TARGET = 11.0;
				MTL_ENABLE_DEBUG_INFO = YES;
				ONLY_ACTIVE_ARCH = YES;
				SDKROOT = iphoneos;
				SWIFT_ACTIVE_COMPILATION_CONDITIONS = DEBUG;
				SWIFT_OPTIMIZATION_LEVEL = "-Onone";
			};
			name = Debug;
		};
		F499D5E11F8FB41D00DDC74E /* Release */ = {
			isa = XCBuildConfiguration;
			buildSettings = {
				ALWAYS_SEARCH_USER_PATHS = NO;
				CLANG_ANALYZER_NONNULL = YES;
				CLANG_ANALYZER_NUMBER_OBJECT_CONVERSION = YES_AGGRESSIVE;
				CLANG_CXX_LANGUAGE_STANDARD = "gnu++14";
				CLANG_CXX_LIBRARY = "libc++";
				CLANG_ENABLE_MODULES = YES;
				CLANG_ENABLE_OBJC_ARC = YES;
				CLANG_WARN_BLOCK_CAPTURE_AUTORELEASING = YES;
				CLANG_WARN_BOOL_CONVERSION = YES;
				CLANG_WARN_COMMA = YES;
				CLANG_WARN_CONSTANT_CONVERSION = YES;
				CLANG_WARN_DIRECT_OBJC_ISA_USAGE = YES_ERROR;
				CLANG_WARN_DOCUMENTATION_COMMENTS = YES;
				CLANG_WARN_EMPTY_BODY = YES;
				CLANG_WARN_ENUM_CONVERSION = YES;
				CLANG_WARN_INFINITE_RECURSION = YES;
				CLANG_WARN_INT_CONVERSION = YES;
				CLANG_WARN_NON_LITERAL_NULL_CONVERSION = YES;
				CLANG_WARN_OBJC_LITERAL_CONVERSION = YES;
				CLANG_WARN_OBJC_ROOT_CLASS = YES_ERROR;
				CLANG_WARN_RANGE_LOOP_ANALYSIS = YES;
				CLANG_WARN_STRICT_PROTOTYPES = YES;
				CLANG_WARN_SUSPICIOUS_MOVE = YES;
				CLANG_WARN_UNGUARDED_AVAILABILITY = YES_AGGRESSIVE;
				CLANG_WARN_UNREACHABLE_CODE = YES;
				CLANG_WARN__DUPLICATE_METHOD_MATCH = YES;
				CODE_SIGN_IDENTITY = "iPhone Developer";
				COPY_PHASE_STRIP = NO;
				DEBUG_INFORMATION_FORMAT = "dwarf-with-dsym";
				ENABLE_NS_ASSERTIONS = NO;
				ENABLE_STRICT_OBJC_MSGSEND = YES;
				GCC_C_LANGUAGE_STANDARD = gnu11;
				GCC_NO_COMMON_BLOCKS = YES;
				GCC_WARN_64_TO_32_BIT_CONVERSION = YES;
				GCC_WARN_ABOUT_RETURN_TYPE = YES_ERROR;
				GCC_WARN_UNDECLARED_SELECTOR = YES;
				GCC_WARN_UNINITIALIZED_AUTOS = YES_AGGRESSIVE;
				GCC_WARN_UNUSED_FUNCTION = YES;
				GCC_WARN_UNUSED_VARIABLE = YES;
				IPHONEOS_DEPLOYMENT_TARGET = 11.0;
				MTL_ENABLE_DEBUG_INFO = NO;
				SDKROOT = iphoneos;
				SWIFT_OPTIMIZATION_LEVEL = "-Owholemodule";
				VALIDATE_PRODUCT = YES;
			};
			name = Release;
		};
		F499D5E31F8FB41D00DDC74E /* Debug */ = {
			isa = XCBuildConfiguration;
			buildSettings = {
				ASSETCATALOG_COMPILER_APPICON_NAME = AppIcon;
				CODE_SIGN_STYLE = Automatic;
				DEVELOPMENT_TEAM = FM7J362883;
				INFOPLIST_FILE = IsiteCodeStroke/Info.plist;
				LD_RUNPATH_SEARCH_PATHS = "$(inherited) @executable_path/Frameworks";
				PRODUCT_BUNDLE_IDENTIFIER = com.isite.IsiteCodeStroke;
				PRODUCT_NAME = "$(TARGET_NAME)";
				SWIFT_VERSION = 4.0;
				TARGETED_DEVICE_FAMILY = "1,2";
			};
			name = Debug;
		};
		F499D5E41F8FB41D00DDC74E /* Release */ = {
			isa = XCBuildConfiguration;
			buildSettings = {
				ASSETCATALOG_COMPILER_APPICON_NAME = AppIcon;
				CODE_SIGN_STYLE = Automatic;
				DEVELOPMENT_TEAM = FM7J362883;
				INFOPLIST_FILE = IsiteCodeStroke/Info.plist;
				LD_RUNPATH_SEARCH_PATHS = "$(inherited) @executable_path/Frameworks";
				PRODUCT_BUNDLE_IDENTIFIER = com.isite.IsiteCodeStroke;
				PRODUCT_NAME = "$(TARGET_NAME)";
				SWIFT_VERSION = 4.0;
				TARGETED_DEVICE_FAMILY = "1,2";
			};
			name = Release;
		};
/* End XCBuildConfiguration section */

/* Begin XCConfigurationList section */
		F499D5CB1F8FB41D00DDC74E /* Build configuration list for PBXProject "IsiteCodeStroke" */ = {
			isa = XCConfigurationList;
			buildConfigurations = (
				F499D5E01F8FB41D00DDC74E /* Debug */,
				F499D5E11F8FB41D00DDC74E /* Release */,
			);
			defaultConfigurationIsVisible = 0;
			defaultConfigurationName = Release;
		};
		F499D5E21F8FB41D00DDC74E /* Build configuration list for PBXNativeTarget "IsiteCodeStroke" */ = {
			isa = XCConfigurationList;
			buildConfigurations = (
				F499D5E31F8FB41D00DDC74E /* Debug */,
				F499D5E41F8FB41D00DDC74E /* Release */,
			);
			defaultConfigurationIsVisible = 0;
			defaultConfigurationName = Release;
		};
/* End XCConfigurationList section */
	};
	rootObject = F499D5C81F8FB41D00DDC74E /* Project object */;
}
